
Microsoft Visual Studio Solution File, Format Version 12.00
# Visual Studio Version 17
VisualStudioVersion = 17.4.33103.184
MinimumVisualStudioVersion = 10.0.40219.1
Project("{FAE04EC0-301F-11D3-BF4B-00C04F79EFBC}") = "WindowsAutomation", "WindowsAutomation\WindowsAutomation.csproj", "{6CEA8878-9655-4293-AFB3-ECB816960447}"
EndProject
Global
	GlobalSection(SolutionConfigurationPlatforms) = preSolution
		Debug|Any CPU = Debug|Any CPU
		Release|Any CPU = Release|Any CPU
	EndGlobalSection
	GlobalSection(ProjectConfigurationPlatforms) = postSolution
		{6CEA8878-9655-4293-AFB3-ECB816960447}.Debug|Any CPU.ActiveCfg = Debug|Any CPU
		{6CEA8878-9655-4293-AFB3-ECB816960447}.Debug|Any CPU.Build.0 = Debug|Any CPU
		{6CEA8878-9655-4293-AFB3-ECB816960447}.Release|Any CPU.ActiveCfg = Release|Any CPU
		{6CEA8878-9655-4293-AFB3-ECB816960447}.Release|Any CPU.Build.0 = Release|Any CPU
	EndGlobalSection
	GlobalSection(SolutionProperties) = preSolution
		HideSolutionNode = FALSE
	EndGlobalSection
	GlobalSection(ExtensibilityGlobals) = postSolution
		SolutionGuid = {0A8DA325-2D48-4347-9984-399EE34382C8}
	EndGlobalSection
EndGlobal
